<Solution>
  <Folder Name="/src/">
    <Project Path="src/EFCore.CDC/EFCore.CDC.csproj" />
    <Project Path="src/EFCore.CDC.Meilisearch/EFCore.CDC.Meilisearch.csproj" />
  </Folder>
  <Folder Name="/tests/">
    <Project Path="tests/EFCore.CDC.TestModel/EFCore.CDC.TestModel.csproj" />
    <Project Path="tests/EFCore.CDC.TestInfrastructure/EFCore.CDC.TestInfrastructure.csproj" />
    <Project Path="tests/EFCore.CDC.UnitTests/EFCore.CDC.UnitTests.csproj" />
    <Project Path="tests/EFCore.CDC.IntegrationTests/EFCore.CDC.IntegrationTests.csproj" />
    <Project Path="tests/EFCore.CDC.Meilisearch.IntegrationTests/EFCore.CDC.Meilisearch.IntegrationTests.csproj" />
  </Folder>
  <Folder Name="/samples/">
    <Project Path="samples/Sample.WorkerApp/Sample.WorkerApp.csproj" />
  </Folder>
</Solution>
